PODS:
  - Flutter (1.0.0)
  - launch_review (0.0.1):
    - Flutter

DEPENDENCIES:
  - Flutter (from `Flutter`)
  - launch_review (from `.symlinks/plugins/launch_review/ios`)

EXTERNAL SOURCES:
  Flutter:
    :path: Flutter
  launch_review:
    :path: ".symlinks/plugins/launch_review/ios"

SPEC CHECKSUMS:
  Flutter: 434fef37c0980e73bb6479ef766c45957d4b510c
  launch_review: 75d5a956ba8eaa493e9c9d4bf4c05e505e8d5ed0

PODFILE CHECKSUM: 7adbc9d59f05e1b01f554ea99b6c79e97f2214a2

COCOAPODS: 1.10.1
